<?xml version="1.0" encoding="utf-8"?>
<Project ToolsVersion="4.0" xmlns="http://schemas.microsoft.com/developer/msbuild/2003">
  <ItemGroup>
    <Filter Include="Quelldateien">
      <UniqueIdentifier>{4FC737F1-C7A5-4376-A066-2A32D752A2FF}</UniqueIdentifier>
      <Extensions>cpp;c;cc;cxx;def;odl;idl;hpj;bat;asm;asmx</Extensions>
    </Filter>
    <Filter Include="Headerdateien">
      <UniqueIdentifier>{93995380-89BD-4b04-88EB-625FBE52EBFB}</UniqueIdentifier>
      <Extensions>h;hpp;hxx;hm;inl;inc;xsd</Extensions>
    </Filter>
    <Filter Include="Ressourcendateien">
      <UniqueIdentifier>{67DA6AB6-F800-4c08-8B7A-83BB121AAD01}</UniqueIdentifier>
      <Extensions>rc;ico;cur;bmp;dlg;rc2;rct;bin;rgs;gif;jpg;jpeg;jpe;resx;tiff;tif;png;wav;mfcribbon-ms</Extensions>
    </Filter>
  </ItemGroup>
  <ItemGroup>
    <None Include="ReadMe.txt" />
    <None Include="app.ico">
      <Filter>Ressourcendateien</Filter>
    </None>
  </ItemGroup>
  <ItemGroup>
    <ClInclude Include="stdafx.h">
      <Filter>Headerdateien</Filter>
    </ClInclude>
    <ClInclude Include="resource.h">
      <Filter>Headerdateien</Filter>
    </ClInclude>
    <ClInclude Include="freeglut.h">
      <Filter>Headerdateien</Filter>
    </ClInclude>
    <ClInclude Include="freeglut_ext.h">
      <Filter>Headerdateien</Filter>
    </ClInclude>
    <ClInclude Include="freeglut_std.h">
      <Filter>Headerdateien</Filter>
    </ClInclude>
    <ClInclude Include="glew.h">
      <Filter>Headerdateien</Filter>
    </ClInclude>
    <ClInclude Include="glut.h">
      <Filter>Headerdateien</Filter>
    </ClInclude>
    <ClInclude Include="glxew.h">
      <Filter>Headerdateien</Filter>
    </ClInclude>
    <ClInclude Include="wglew.h">
      <Filter>Headerdateien</Filter>
    </ClInclude>
    <ClInclude Include="RenderScene.h">
      <Filter>Headerdateien</Filter>
    </ClInclude>
    <ClInclude Include="Header.h">
      <Filter>Headerdateien</Filter>
    </ClInclude>
    <ClInclude Include="RenderSceneB.h">
      <Filter>Headerdateien</Filter>
    </ClInclude>
    <ClInclude Include="RenderSceneA.h">
      <Filter>Headerdateien</Filter>
    </ClInclude>
  </ItemGroup>
  <ItemGroup>
    <ResourceCompile Include="app.rc">
      <Filter>Ressourcendateien</Filter>
    </ResourceCompile>
  </ItemGroup>
  <ItemGroup>
    <ClCompile Include="Superbowl.cpp">
      <Filter>Quelldateien</Filter>
    </ClCompile>
    <ClCompile Include="AssemblyInfo.cpp">
      <Filter>Quelldateien</Filter>
    </ClCompile>
    <ClCompile Include="stdafx.cpp">
      <Filter>Quelldateien</Filter>
    </ClCompile>
    <ClCompile Include="RenderScene.cpp">
      <Filter>Quelldateien</Filter>
    </ClCompile>
    <ClCompile Include="RenderSceneB.cpp">
      <Filter>Quelldateien</Filter>
    </ClCompile>
    <ClCompile Include="RenderSceneA.cpp">
      <Filter>Quelldateien</Filter>
    </ClCompile>
  </ItemGroup>
  <ItemGroup>
    <Library Include="freeglut.lib" />
    <Library Include="glew32.lib" />
  </ItemGroup>
</Project>